
Microsoft Visual Studio Solution File, Format Version 12.00
# Visual Studio Version 16
VisualStudioVersion = 16.0.30621.155
MinimumVisualStudioVersion = 10.0.40219.1
Project("{9A19103F-16F7-4668-BE54-9A1E7A4F7556}") = "UnitTestProject", "UnitTestProject\UnitTestProject.csproj", "{34D924C7-2DFB-4AB2-8AE5-E24927FDF58B}"
EndProject
Global
	GlobalSection(SolutionConfigurationPlatforms) = preSolution
		Debug|Any CPU = Debug|Any CPU
		Release|Any CPU = Release|Any CPU
	EndGlobalSection
	GlobalSection(ProjectConfigurationPlatforms) = postSolution
		{34D924C7-2DFB-4AB2-8AE5-E24927FDF58B}.Debug|Any CPU.ActiveCfg = Debug|Any CPU
		{34D924C7-2DFB-4AB2-8AE5-E24927FDF58B}.Debug|Any CPU.Build.0 = Debug|Any CPU
		{34D924C7-2DFB-4AB2-8AE5-E24927FDF58B}.Release|Any CPU.ActiveCfg = Release|Any CPU
		{34D924C7-2DFB-4AB2-8AE5-E24927FDF58B}.Release|Any CPU.Build.0 = Release|Any CPU
	EndGlobalSection
	GlobalSection(SolutionProperties) = preSolution
		HideSolutionNode = FALSE
	EndGlobalSection
	GlobalSection(ExtensibilityGlobals) = postSolution
		SolutionGuid = {701ABCD7-2CDB-4D56-9116-11696C7CC4AA}
	EndGlobalSection
EndGlobal
